
Microsoft Visual Studio Solution File, Format Version 12.00
# Visual Studio Version 17
VisualStudioVersion = 17.8.34322.80
MinimumVisualStudioVersion = 10.0.40219.1
Project("{FAE04EC0-301F-11D3-BF4B-00C04F79EFBC}") = "Калькулятор", "Калькулятор\Калькулятор.csproj", "{8D629FEE-AA1B-4F65-8AC6-8809AC2904C0}"
EndProject
Global
	GlobalSection(SolutionConfigurationPlatforms) = preSolution
		Debug|Any CPU = Debug|Any CPU
		Release|Any CPU = Release|Any CPU
	EndGlobalSection
	GlobalSection(ProjectConfigurationPlatforms) = postSolution
		{8D629FEE-AA1B-4F65-8AC6-8809AC2904C0}.Debug|Any CPU.ActiveCfg = Debug|Any CPU
		{8D629FEE-AA1B-4F65-8AC6-8809AC2904C0}.Debug|Any CPU.Build.0 = Debug|Any CPU
		{8D629FEE-AA1B-4F65-8AC6-8809AC2904C0}.Release|Any CPU.ActiveCfg = Release|Any CPU
		{8D629FEE-AA1B-4F65-8AC6-8809AC2904C0}.Release|Any CPU.Build.0 = Release|Any CPU
	EndGlobalSection
	GlobalSection(SolutionProperties) = preSolution
		HideSolutionNode = FALSE
	EndGlobalSection
	GlobalSection(ExtensibilityGlobals) = postSolution
		SolutionGuid = {213A8C5F-B457-4764-9CA8-ED8C9971D16A}
	EndGlobalSection
EndGlobal
